Microsoft Visual Studio Solution File, Format Version 12.00
# Visual Studio Version 17
VisualStudioVersion = 17.5.2.0
MinimumVisualStudioVersion = 10.0.40219.1
Project("{FAE04EC0-301F-11D3-BF4B-00C04F79EFBC}") = "exercicio15_triangulo", "exercicio15_triangulo.csproj", "{D8576497-287E-E2E1-F7F9-0495E313D1BE}"
EndProject
Global
	GlobalSection(SolutionConfigurationPlatforms) = preSolution
		Debug|Any CPU = Debug|Any CPU
		Release|Any CPU = Release|Any CPU
	EndGlobalSection
	GlobalSection(ProjectConfigurationPlatforms) = postSolution
		{D8576497-287E-E2E1-F7F9-0495E313D1BE}.Debug|Any CPU.ActiveCfg = Debug|Any CPU
		{D8576497-287E-E2E1-F7F9-0495E313D1BE}.Debug|Any CPU.Build.0 = Debug|Any CPU
		{D8576497-287E-E2E1-F7F9-0495E313D1BE}.Release|Any CPU.ActiveCfg = Release|Any CPU
		{D8576497-287E-E2E1-F7F9-0495E313D1BE}.Release|Any CPU.Build.0 = Release|Any CPU
	EndGlobalSection
	GlobalSection(SolutionProperties) = preSolution
		HideSolutionNode = FALSE
	EndGlobalSection
	GlobalSection(ExtensibilityGlobals) = postSolution
		SolutionGuid = {1AA6C240-2243-4824-B508-A6EEA111A6FE}
	EndGlobalSection
EndGlobal
