Microsoft Visual Studio Solution File, Format Version 12.00
# Visual Studio Version 17
VisualStudioVersion = 17.5.2.0
MinimumVisualStudioVersion = 10.0.40219.1
Project("{FAE04EC0-301F-11D3-BF4B-00C04F79EFBC}") = "aula_2", "aula_2.csproj", "{644B4DFC-5A60-5DF3-6A91-7FE9FDCCA15B}"
EndProject
Global
	GlobalSection(SolutionConfigurationPlatforms) = preSolution
		Debug|Any CPU = Debug|Any CPU
		Release|Any CPU = Release|Any CPU
	EndGlobalSection
	GlobalSection(ProjectConfigurationPlatforms) = postSolution
		{644B4DFC-5A60-5DF3-6A91-7FE9FDCCA15B}.Debug|Any CPU.ActiveCfg = Debug|Any CPU
		{644B4DFC-5A60-5DF3-6A91-7FE9FDCCA15B}.Debug|Any CPU.Build.0 = Debug|Any CPU
		{644B4DFC-5A60-5DF3-6A91-7FE9FDCCA15B}.Release|Any CPU.ActiveCfg = Release|Any CPU
		{644B4DFC-5A60-5DF3-6A91-7FE9FDCCA15B}.Release|Any CPU.Build.0 = Release|Any CPU
	EndGlobalSection
	GlobalSection(SolutionProperties) = preSolution
		HideSolutionNode = FALSE
	EndGlobalSection
	GlobalSection(ExtensibilityGlobals) = postSolution
		SolutionGuid = {670A5EA3-B6B5-409A-AF61-9436D67BFF60}
	EndGlobalSection
EndGlobal
